version = 1
revision = 2
requires-python = ">=3.11"

[[package]]
name = "astor"
version = "0.8.1"
source = { registry = "https://pypi.org/simple" }
sdist = { url = "https://files.pythonhosted.org/packages/5a/21/75b771132fee241dfe601d39ade629548a9626d1d39f333fde31bc46febe/astor-0.8.1.tar.gz", hash = "sha256:6a6effda93f4e1ce9f618779b2dd1d9d84f1e32812c23a29b3fff6fd7f63fa5e", size = 35090, upload-time = "2019-12-10T01:50:35.51Z" }
wheels = [
    { url = "https://files.pythonhosted.org/packages/c3/88/97eef84f48fa04fbd6750e62dcceafba6c63c81b7ac1420856c8dcc0a3f9/astor-0.8.1-py2.py3-none-any.whl", hash = "sha256:070a54e890cefb5b3739d19f30f5a5ec840ffc9c50ffa7d23cc9fc1a38ebbfc5", size = 27488, upload-time = "2019-12-10T01:50:33.628Z" },
]

[[package]]
name = "cannister"
version = "0.1.0"
source = { virtual = "." }
dependencies = [
    { name = "astor" },
    { name = "pip" },
]

[package.metadata]
requires-dist = [
    { name = "astor", specifier = ">=0.8.1" },
    { name = "pip", specifier = ">=25.1.1" },
]

[[package]]
name = "pip"
version = "25.1.1"
source = { registry = "https://pypi.org/simple" }
sdist = { url = "https://files.pythonhosted.org/packages/59/de/241caa0ca606f2ec5fe0c1f4261b0465df78d786a38da693864a116c37f4/pip-25.1.1.tar.gz", hash = "sha256:3de45d411d308d5054c2168185d8da7f9a2cd753dbac8acbfa88a8909ecd9077", size = 1940155, upload-time = "2025-05-02T15:14:02.057Z" }
wheels = [
    { url = "https://files.pythonhosted.org/packages/29/a2/d40fb2460e883eca5199c62cfc2463fd261f760556ae6290f88488c362c0/pip-25.1.1-py3-none-any.whl", hash = "sha256:2913a38a2abf4ea6b64ab507bd9e967f3b53dc1ede74b01b0931e1ce548751af", size = 1825227, upload-time = "2025-05-02T15:13:59.102Z" },
]
